github.com/go-asn1-ber/asn1-ber v1.3.1 h1:gvPdv/Hr++TRFCl0UbPFHC54P9N9jgsRPnmnr419Uck=
github.com/go-asn1-ber/asn1-ber v1.3.1/go.mod h1:hEBeB/ic+5LoWskz+yKT7vGhhPYkProFKoKdwZRWMe0=
github.com/go-ldap/ldap/v3 v3.1.10 h1:7WsKqasmPThNvdl0Q5GPpbTDD/ZD98CfuawrMIuh7qQ=
github.com/go-ldap/ldap/v3 v3.1.10/go.mod h1:5Zun81jBTabRaI8lzN7E1JjyEl1g6zI6u9pd8luAK4Q=
github.com/kelseyhightower/envconfig v1.4.0 h1:Im6hONhd3pLkfDFsbRgu68RDNkGF1r3dvMUtDTo2cv8=
github.com/kelseyhightower/envconfig v1.4.0/go.mod h1:cccZRl6mQpaq41TPp5QxidR+Sa3axMbJDNb//FQX6Gg=
